// !$*UTF8*$!
{
	archiveVersion = 1;
	classes = {
	};
	objectVersion = 46;
	objects = {

/* Begin PBXBuildFile section */
		033979571EAA6AEA00EA19FD /* ClassesViewController.swift in Sources */ = {isa = PBXBuildFile; fileRef = 033979561EAA6AEA00EA19FD /* ClassesViewController.swift */; };
		033979591EAD70E800EA19FD /* AssignmentsViewController.swift in Sources */ = {isa = PBXBuildFile; fileRef = 033979581EAD70E800EA19FD /* AssignmentsViewController.swift */; };
		038BD00B1EB1131400667BB6 /* infoStruct.swift in Sources */ = {isa = PBXBuildFile; fileRef = 038BD00A1EB1131400667BB6 /* infoStruct.swift */; };
		03CEDDCA1EAE62A90040D48E /* AddClassViewController.swift in Sources */ = {isa = PBXBuildFile; fileRef = 03CEDDC91EAE62A90040D48E /* AddClassViewController.swift */; };
		03F2B7CA1EB3E74500962DB5 /* assignTableViewCell.swift in Sources */ = {isa = PBXBuildFile; fileRef = 03F2B7C91EB3E74500962DB5 /* assignTableViewCell.swift */; };
		03FD8CD41EA703510047FA70 /* AppDelegate.swift in Sources */ = {isa = PBXBuildFile; fileRef = 03FD8CD31EA703510047FA70 /* AppDelegate.swift */; };
		03FD8CD61EA703510047FA70 /* ViewController.swift in Sources */ = {isa = PBXBuildFile; fileRef = 03FD8CD51EA703510047FA70 /* ViewController.swift */; };
		03FD8CD91EA703510047FA70 /* Main.storyboard in Resources */ = {isa = PBXBuildFile; fileRef = 03FD8CD71EA703510047FA70 /* Main.storyboard */; };
		03FD8CDB1EA703510047FA70 /* Assets.xcassets in Resources */ = {isa = PBXBuildFile; fileRef = 03FD8CDA1EA703510047FA70 /* Assets.xcassets */; };
		03FD8CDE1EA703510047FA70 /* LaunchScreen.storyboard in Resources */ = {isa = PBXBuildFile; fileRef = 03FD8CDC1EA703510047FA70 /* LaunchScreen.storyboard */; };
/* End PBXBuildFile section */

/* Begin PBXFileReference section */
		033979561EAA6AEA00EA19FD /* ClassesViewController.swift */ = {isa = PBXFileReference; fileEncoding = 4; lastKnownFileType = sourcecode.swift; path = ClassesViewController.swift; sourceTree = "<group>"; };
		033979581EAD70E800EA19FD /* AssignmentsViewController.swift */ = {isa = PBXFileReference; fileEncoding = 4; lastKnownFileType = sourcecode.swift; path = AssignmentsViewController.swift; sourceTree = "<group>"; };
		038BD00A1EB1131400667BB6 /* infoStruct.swift */ = {isa = PBXFileReference; fileEncoding = 4; lastKnownFileType = sourcecode.swift; path = infoStruct.swift; sourceTree = "<group>"; };
		03CEDDC91EAE62A90040D48E /* AddClassViewController.swift */ = {isa = PBXFileReference; fileEncoding = 4; lastKnownFileType = sourcecode.swift; path = AddClassViewController.swift; sourceTree = "<group>"; };
		03F2B7C91EB3E74500962DB5 /* assignTableViewCell.swift */ = {isa = PBXFileReference; fileEncoding = 4; lastKnownFileType = sourcecode.swift; path = assignTableViewCell.swift; sourceTree = "<group>"; };
		03FD8CD01EA703510047FA70 /* homework.app */ = {isa = PBXFileReference; explicitFileType = wrapper.application; includeInIndex = 0; path = homework.app; sourceTree = BUILT_PRODUCTS_DIR; };
		03FD8CD31EA703510047FA70 /* AppDelegate.swift */ = {isa = PBXFileReference; lastKnownFileType = sourcecode.swift; path = AppDelegate.swift; sourceTree = "<group>"; };
		03FD8CD51EA703510047FA70 /* ViewController.swift */ = {isa = PBXFileReference; lastKnownFileType = sourcecode.swift; path = ViewController.swift; sourceTree = "<group>"; };
		03FD8CD81EA703510047FA70 /* Base */ = {isa = PBXFileReference; lastKnownFileType = file.storyboard; name = Base; path = Base.lproj/Main.storyboard; sourceTree = "<group>"; };
		03FD8CDA1EA703510047FA70 /* Assets.xcassets */ = {isa = PBXFileReference; lastKnownFileType = folder.assetcatalog; path = Assets.xcassets; sourceTree = "<group>"; };
		03FD8CDD1EA703510047FA70 /* Base */ = {isa = PBXFileReference; lastKnownFileType = file.storyboard; name = Base; path = Base.lproj/LaunchScreen.storyboard; sourceTree = "<group>"; };
		03FD8CDF1EA703510047FA70 /* Info.plist */ = {isa = PBXFileReference; lastKnownFileType = text.plist.xml; path = Info.plist; sourceTree = "<group>"; };
/* End PBXFileReference section */

/* Begin PBXFrameworksBuildPhase section */
		03FD8CCD1EA703510047FA70 /* Frameworks */ = {
			isa = PBXFrameworksBuildPhase;
			buildActionMask = 2147483647;
			files = (
			);
			runOnlyForDeploymentPostprocessing = 0;
		};
/* End PBXFrameworksBuildPhase section */

/* Begin PBXGroup section */
		03FD8CC71EA703510047FA70 = {
			isa = PBXGroup;
			children = (
				03FD8CD21EA703510047FA70 /* homework */,
				03FD8CD11EA703510047FA70 /* Products */,
			);
			sourceTree = "<group>";
		};
		03FD8CD11EA703510047FA70 /* Products */ = {
			isa = PBXGroup;
			children = (
				03FD8CD01EA703510047FA70 /* homework.app */,
			);
			name = Products;
			sourceTree = "<group>";
		};
		03FD8CD21EA703510047FA70 /* homework */ = {
			isa = PBXGroup;
			children = (
				03FD8CD31EA703510047FA70 /* AppDelegate.swift */,
				03FD8CD51EA703510047FA70 /* ViewController.swift */,
				03FD8CD71EA703510047FA70 /* Main.storyboard */,
				03F2B7C91EB3E74500962DB5 /* assignTableViewCell.swift */,
				03FD8CDA1EA703510047FA70 /* Assets.xcassets */,
				03FD8CDC1EA703510047FA70 /* LaunchScreen.storyboard */,
				03FD8CDF1EA703510047FA70 /* Info.plist */,
				033979561EAA6AEA00EA19FD /* ClassesViewController.swift */,
				03CEDDC91EAE62A90040D48E /* AddClassViewController.swift */,
				033979581EAD70E800EA19FD /* AssignmentsViewController.swift */,
				038BD00A1EB1131400667BB6 /* infoStruct.swift */,
			);
			path = homework;
			sourceTree = "<group>";
		};
/* End PBXGroup section */

/* Begin PBXNativeTarget section */
		03FD8CCF1EA703510047FA70 /* homework */ = {
			isa = PBXNativeTarget;
			buildConfigurationList = 03FD8CE21EA703510047FA70 /* Build configuration list for PBXNativeTarget "homework" */;
			buildPhases = (
				03FD8CCC1EA703510047FA70 /* Sources */,
				03FD8CCD1EA703510047FA70 /* Frameworks */,
				03FD8CCE1EA703510047FA70 /* Resources */,
			);
			buildRules = (
			);
			dependencies = (
			);
			name = homework;
			productName = homework;
			productReference = 03FD8CD01EA703510047FA70 /* homework.app */;
			productType = "com.apple.product-type.application";
		};
/* End PBXNativeTarget section */

/* Begin PBXProject section */
		03FD8CC81EA703510047FA70 /* Project object */ = {
			isa = PBXProject;
			attributes = {
				LastSwiftUpdateCheck = 0830;
				LastUpgradeCheck = 0830;
				ORGANIZATIONNAME = "Kerri Shields";
				TargetAttributes = {
					03FD8CCF1EA703510047FA70 = {
						CreatedOnToolsVersion = 8.3.1;
						DevelopmentTeam = NLM66949RA;
						ProvisioningStyle = Automatic;
					};
				};
			};
			buildConfigurationList = 03FD8CCB1EA703510047FA70 /* Build configuration list for PBXProject "homework" */;
			compatibilityVersion = "Xcode 3.2";
			developmentRegion = English;
			hasScannedForEncodings = 0;
			knownRegions = (
				en,
				Base,
			);
			mainGroup = 03FD8CC71EA703510047FA70;
			productRefGroup = 03FD8CD11EA703510047FA70 /* Products */;
			projectDirPath = "";
			projectRoot = "";
			targets = (
				03FD8CCF1EA703510047FA70 /* homework */,
			);
		};
/* End PBXProject section */

/* Begin PBXResourcesBuildPhase section */
		03FD8CCE1EA703510047FA70 /* Resources */ = {
			isa = PBXResourcesBuildPhase;
			buildActionMask = 2147483647;
			files = (
				03FD8CDE1EA703510047FA70 /* LaunchScreen.storyboard in Resources */,
				03FD8CDB1EA703510047FA70 /* Assets.xcassets in Resources */,
				03FD8CD91EA703510047FA70 /* Main.storyboard in Resources */,
			);
			runOnlyForDeploymentPostprocessing = 0;
		};
/* End PBXResourcesBuildPhase section */

/* Begin PBXSourcesBuildPhase section */
		03FD8CCC1EA703510047FA70 /* Sources */ = {
			isa = PBXSourcesBuildPhase;
			buildActionMask = 2147483647;
			files = (
				038BD00B1EB1131400667BB6 /* infoStruct.swift in Sources */,
				03F2B7CA1EB3E74500962DB5 /* assignTableViewCell.swift in Sources */,
				03FD8CD61EA703510047FA70 /* ViewController.swift in Sources */,
				033979591EAD70E800EA19FD /* AssignmentsViewController.swift in Sources */,
				033979571EAA6AEA00EA19FD /* ClassesViewController.swift in Sources */,
				03CEDDCA1EAE62A90040D48E /* AddClassViewController.swift in Sources */,
				03FD8CD41EA703510047FA70 /* AppDelegate.swift in Sources */,
			);
			runOnlyForDeploymentPostprocessing = 0;
		};
/* End PBXSourcesBuildPhase section */

/* Begin PBXVariantGroup section */
		03FD8CD71EA703510047FA70 /* Main.storyboard */ = {
			isa = PBXVariantGroup;
			children = (
				03FD8CD81EA703510047FA70 /* Base */,
			);
			name = Main.storyboard;
			sourceTree = "<group>";
		};
		03FD8CDC1EA703510047FA70 /* LaunchScreen.storyboard */ = {
			isa = PBXVariantGroup;
			children = (
				03FD8CDD1EA703510047FA70 /* Base */,
			);
			name = LaunchScreen.storyboard;
			sourceTree = "<group>";
		};
/* End PBXVariantGroup section */

/* Begin XCBuildConfiguration section */
		03FD8CE01EA703510047FA70 /* Debug */ = {
			isa = XCBuildConfiguration;
			buildSettings = {
				ALWAYS_SEARCH_USER_PATHS = NO;
				CLANG_ANALYZER_NONNULL = YES;
				CLANG_ANALYZER_NUMBER_OBJECT_CONVERSION = YES_AGGRESSIVE;
				CLANG_CXX_LANGUAGE_STANDARD = "gnu++0x";
				CLANG_CXX_LIBRARY = "libc++";
				CLANG_ENABLE_MODULES = YES;
				CLANG_ENABLE_OBJC_ARC = YES;
				CLANG_WARN_BOOL_CONVERSION = YES;
				CLANG_WARN_CONSTANT_CONVERSION = YES;
				CLANG_WARN_DIRECT_OBJC_ISA_USAGE = YES_ERROR;
				CLANG_WARN_DOCUMENTATION_COMMENTS = YES;
				CLANG_WARN_EMPTY_BODY = YES;
				CLANG_WARN_ENUM_CONVERSION = YES;
				CLANG_WARN_INFINITE_RECURSION = YES;
				CLANG_WARN_INT_CONVERSION = YES;
				CLANG_WARN_OBJC_ROOT_CLASS = YES_ERROR;
				CLANG_WARN_SUSPICIOUS_MOVE = YES;
				CLANG_WARN_UNREACHABLE_CODE = YES;
				CLANG_WARN__DUPLICATE_METHOD_MATCH = YES;
				"CODE_SIGN_IDENTITY[sdk=iphoneos*]" = "iPhone Developer";
				COPY_PHASE_STRIP = NO;
				DEBUG_INFORMATION_FORMAT = dwarf;
				ENABLE_STRICT_OBJC_MSGSEND = YES;
				ENABLE_TESTABILITY = YES;
				GCC_C_LANGUAGE_STANDARD = gnu99;
				GCC_DYNAMIC_NO_PIC = NO;
				GCC_NO_COMMON_BLOCKS = YES;
				GCC_OPTIMIZATION_LEVEL = 0;
				GCC_PREPROCESSOR_DEFINITIONS = (
					"DEBUG=1",
					"$(inherited)",
				);
				GCC_WARN_64_TO_32_BIT_CONVERSION = YES;
				GCC_WARN_ABOUT_RETURN_TYPE = YES_ERROR;
				GCC_WARN_UNDECLARED_SELECTOR = YES;
				GCC_WARN_UNINITIALIZED_AUTOS = YES_AGGRESSIVE;
				GCC_WARN_UNUSED_FUNCTION = YES;
				GCC_WARN_UNUSED_VARIABLE = YES;
				IPHONEOS_DEPLOYMENT_TARGET = 10.3;
				MTL_ENABLE_DEBUG_INFO = YES;
				ONLY_ACTIVE_ARCH = YES;
				SDKROOT = iphoneos;
				SWIFT_ACTIVE_COMPILATION_CONDITIONS = DEBUG;
				SWIFT_OPTIMIZATION_LEVEL = "-Onone";
				TARGETED_DEVICE_FAMILY = "1,2";
			};
			name = Debug;
		};
		03FD8CE11EA703510047FA70 /* Release */ = {
			isa = XCBuildConfiguration;
			buildSettings = {
				ALWAYS_SEARCH_USER_PATHS = NO;
				CLANG_ANALYZER_NONNULL = YES;
				CLANG_ANALYZER_NUMBER_OBJECT_CONVERSION = YES_AGGRESSIVE;
				CLANG_CXX_LANGUAGE_STANDARD = "gnu++0x";
				CLANG_CXX_LIBRARY = "libc++";
				CLANG_ENABLE_MODULES = YES;
				CLANG_ENABLE_OBJC_ARC = YES;
				CLANG_WARN_BOOL_CONVERSION = YES;
				CLANG_WARN_CONSTANT_CONVERSION = YES;
				CLANG_WARN_DIRECT_OBJC_ISA_USAGE = YES_ERROR;
				CLANG_WARN_DOCUMENTATION_COMMENTS = YES;
				CLANG_WARN_EMPTY_BODY = YES;
				CLANG_WARN_ENUM_CONVERSION = YES;
				CLANG_WARN_INFINITE_RECURSION = YES;
				CLANG_WARN_INT_CONVERSION = YES;
				CLANG_WARN_OBJC_ROOT_CLASS = YES_ERROR;
				CLANG_WARN_SUSPICIOUS_MOVE = YES;
				CLANG_WARN_UNREACHABLE_CODE = YES;
				CLANG_WARN__DUPLICATE_METHOD_MATCH = YES;
				"CODE_SIGN_IDENTITY[sdk=iphoneos*]" = "iPhone Developer";
				COPY_PHASE_STRIP = NO;
				DEBUG_INFORMATION_FORMAT = "dwarf-with-dsym";
				ENABLE_NS_ASSERTIONS = NO;
				ENABLE_STRICT_OBJC_MSGSEND = YES;
				GCC_C_LANGUAGE_STANDARD = gnu99;
				GCC_NO_COMMON_BLOCKS = YES;
				GCC_WARN_64_TO_32_BIT_CONVERSION = YES;
				GCC_WARN_ABOUT_RETURN_TYPE = YES_ERROR;
				GCC_WARN_UNDECLARED_SELECTOR = YES;
				GCC_WARN_UNINITIALIZED_AUTOS = YES_AGGRESSIVE;
				GCC_WARN_UNUSED_FUNCTION = YES;
				GCC_WARN_UNUSED_VARIABLE = YES;
				IPHONEOS_DEPLOYMENT_TARGET = 10.3;
				MTL_ENABLE_DEBUG_INFO = NO;
				SDKROOT = iphoneos;
				SWIFT_OPTIMIZATION_LEVEL = "-Owholemodule";
				TARGETED_DEVICE_FAMILY = "1,2";
				VALIDATE_PRODUCT = YES;
			};
			name = Release;
		};
		03FD8CE31EA703510047FA70 /* Debug */ = {
			isa = XCBuildConfiguration;
			buildSettings = {
				ASSETCATALOG_COMPILER_APPICON_NAME = AppIcon;
				DEVELOPMENT_TEAM = NLM66949RA;
				INFOPLIST_FILE = homework/Info.plist;
				LD_RUNPATH_SEARCH_PATHS = "$(inherited) @executable_path/Frameworks";
				PRODUCT_BUNDLE_IDENTIFIER = com.kerrishields.homework;
				PRODUCT_NAME = "$(TARGET_NAME)";
				SWIFT_VERSION = 3.0;
			};
			name = Debug;
		};
		03FD8CE41EA703510047FA70 /* Release */ = {
			isa = XCBuildConfiguration;
			buildSettings = {
				ASSETCATALOG_COMPILER_APPICON_NAME = AppIcon;
				DEVELOPMENT_TEAM = NLM66949RA;
				INFOPLIST_FILE = homework/Info.plist;
				LD_RUNPATH_SEARCH_PATHS = "$(inherited) @executable_path/Frameworks";
				PRODUCT_BUNDLE_IDENTIFIER = com.kerrishields.homework;
				PRODUCT_NAME = "$(TARGET_NAME)";
				SWIFT_VERSION = 3.0;
			};
			name = Release;
		};
/* End XCBuildConfiguration section */

/* Begin XCConfigurationList section */
		03FD8CCB1EA703510047FA70 /* Build configuration list for PBXProject "homework" */ = {
			isa = XCConfigurationList;
			buildConfigurations = (
				03FD8CE01EA703510047FA70 /* Debug */,
				03FD8CE11EA703510047FA70 /* Release */,
			);
			defaultConfigurationIsVisible = 0;
			defaultConfigurationName = Release;
		};
		03FD8CE21EA703510047FA70 /* Build configuration list for PBXNativeTarget "homework" */ = {
			isa = XCConfigurationList;
			buildConfigurations = (
				03FD8CE31EA703510047FA70 /* Debug */,
				03FD8CE41EA703510047FA70 /* Release */,
			);
			defaultConfigurationIsVisible = 0;
			defaultConfigurationName = Release;
		};
/* End XCConfigurationList section */
	};
	rootObject = 03FD8CC81EA703510047FA70 /* Project object */;
}
